
Microsoft Visual Studio Solution File, Format Version 12.00
# Visual Studio Express 2013 for Windows Desktop
VisualStudioVersion = 12.0.21005.1
MinimumVisualStudioVersion = 10.0.40219.1
Project("{FAE04EC0-301F-11D3-BF4B-00C04F79EFBC}") = "LabyrinthMultiDB", "LabyrinthMultiDB\LabyrinthMultiDB.csproj", "{C0F7A5B9-3793-4CCF-844E-280E90D73755}"
EndProject
Project("{FAE04EC0-301F-11D3-BF4B-00C04F79EFBC}") = "LabyrinthMultiDB.Engine", "LabyrinthMultiDB.Engine\LabyrinthMultiDB.Engine.csproj", "{B986FE51-3041-4BD5-83F5-CA8A95E59C4C}"
EndProject
Project("{FAE04EC0-301F-11D3-BF4B-00C04F79EFBC}") = "LabyrinthMultiDB.Client.RAM", "LabyrinthMultiDB.Client.RAM\LabyrinthMultiDB.Client.RAM.csproj", "{676ED636-023D-4DEF-B81A-60B73EE41555}"
EndProject
Project("{FAE04EC0-301F-11D3-BF4B-00C04F79EFBC}") = "LabyrinthMultiDB.Client.Cassandra", "LabyrinthMultiDB.Client.Cassandra\LabyrinthMultiDB.Client.Cassandra.csproj", "{C6EDBD9F-DA31-449E-BC95-8189653DB3D7}"
EndProject
Project("{FAE04EC0-301F-11D3-BF4B-00C04F79EFBC}") = "LabyrinthMultiDB.Client.MySQL", "LabyrinthMultiDB.Client.MySQL\LabyrinthMultiDB.Client.MySQL.csproj", "{9735A35C-E175-4CA3-98AA-063E4505AAC8}"
EndProject
Project("{FAE04EC0-301F-11D3-BF4B-00C04F79EFBC}") = "LabyrinthMultiDB.Client.SQLServer", "LabyrinthMultiDB.Client.SQLServer\LabyrinthMultiDB.Client.SQLServer.csproj", "{6ED6BA72-B858-4B15-A54F-CDD1EFD7E6CE}"
EndProject
Project("{FAE04EC0-301F-11D3-BF4B-00C04F79EFBC}") = "LabyrinthMultiDB.Client.CassandraLinq", "LabyrinthMultiDB.Client.CassandraLinq\LabyrinthMultiDB.Client.CassandraLinq.csproj", "{74418692-0952-42CF-AB90-81A9A8DBEAB2}"
EndProject
Project("{FAE04EC0-301F-11D3-BF4B-00C04F79EFBC}") = "Cassandra.Data", "..\..\..\..\..\..\Bin\DataStax\csharp-driver-master\Cassandra.Data\Cassandra.Data.csproj", "{EE00CE02-F1E6-4F7D-B43C-F6FADCE4C72B}"
EndProject
Project("{FAE04EC0-301F-11D3-BF4B-00C04F79EFBC}") = "Cassandra", "..\..\..\..\..\..\Bin\DataStax\csharp-driver-master\Cassandra\Cassandra.csproj", "{6E8C45DA-D958-4C75-98C3-B54C883299A2}"
EndProject
Project("{FAE04EC0-301F-11D3-BF4B-00C04F79EFBC}") = "Cassandra.Data.Linq", "..\..\..\..\..\..\Bin\DataStax\csharp-driver-master\Cassandra.Data.Linq\Cassandra.Data.Linq.csproj", "{7FD62B8B-365D-48D6-8C21-2EF215294F64}"
EndProject
Project("{FAE04EC0-301F-11D3-BF4B-00C04F79EFBC}") = "LabyrinthMultiDB.Client.Oracle", "LabyrinthMultiDB.Client.Oracle\LabyrinthMultiDB.Client.Oracle.csproj", "{1C62FEC4-65DD-482B-9987-7CA007F69C46}"
EndProject
Global
	GlobalSection(SolutionConfigurationPlatforms) = preSolution
		Debug|Any CPU = Debug|Any CPU
		Release|Any CPU = Release|Any CPU
	EndGlobalSection
	GlobalSection(ProjectConfigurationPlatforms) = postSolution
		{C0F7A5B9-3793-4CCF-844E-280E90D73755}.Debug|Any CPU.ActiveCfg = Debug|Any CPU
		{C0F7A5B9-3793-4CCF-844E-280E90D73755}.Debug|Any CPU.Build.0 = Debug|Any CPU
		{C0F7A5B9-3793-4CCF-844E-280E90D73755}.Release|Any CPU.ActiveCfg = Release|Any CPU
		{C0F7A5B9-3793-4CCF-844E-280E90D73755}.Release|Any CPU.Build.0 = Release|Any CPU
		{B986FE51-3041-4BD5-83F5-CA8A95E59C4C}.Debug|Any CPU.ActiveCfg = Debug|Any CPU
		{B986FE51-3041-4BD5-83F5-CA8A95E59C4C}.Debug|Any CPU.Build.0 = Debug|Any CPU
		{B986FE51-3041-4BD5-83F5-CA8A95E59C4C}.Release|Any CPU.ActiveCfg = Release|Any CPU
		{B986FE51-3041-4BD5-83F5-CA8A95E59C4C}.Release|Any CPU.Build.0 = Release|Any CPU
		{676ED636-023D-4DEF-B81A-60B73EE41555}.Debug|Any CPU.ActiveCfg = Debug|Any CPU
		{676ED636-023D-4DEF-B81A-60B73EE41555}.Debug|Any CPU.Build.0 = Debug|Any CPU
		{676ED636-023D-4DEF-B81A-60B73EE41555}.Release|Any CPU.ActiveCfg = Release|Any CPU
		{676ED636-023D-4DEF-B81A-60B73EE41555}.Release|Any CPU.Build.0 = Release|Any CPU
		{C6EDBD9F-DA31-449E-BC95-8189653DB3D7}.Debug|Any CPU.ActiveCfg = Debug|Any CPU
		{C6EDBD9F-DA31-449E-BC95-8189653DB3D7}.Debug|Any CPU.Build.0 = Debug|Any CPU
		{C6EDBD9F-DA31-449E-BC95-8189653DB3D7}.Release|Any CPU.ActiveCfg = Release|Any CPU
		{C6EDBD9F-DA31-449E-BC95-8189653DB3D7}.Release|Any CPU.Build.0 = Release|Any CPU
		{9735A35C-E175-4CA3-98AA-063E4505AAC8}.Debug|Any CPU.ActiveCfg = Debug|Any CPU
		{9735A35C-E175-4CA3-98AA-063E4505AAC8}.Debug|Any CPU.Build.0 = Debug|Any CPU
		{9735A35C-E175-4CA3-98AA-063E4505AAC8}.Release|Any CPU.ActiveCfg = Release|Any CPU
		{9735A35C-E175-4CA3-98AA-063E4505AAC8}.Release|Any CPU.Build.0 = Release|Any CPU
		{6ED6BA72-B858-4B15-A54F-CDD1EFD7E6CE}.Debug|Any CPU.ActiveCfg = Debug|Any CPU
		{6ED6BA72-B858-4B15-A54F-CDD1EFD7E6CE}.Debug|Any CPU.Build.0 = Debug|Any CPU
		{6ED6BA72-B858-4B15-A54F-CDD1EFD7E6CE}.Release|Any CPU.ActiveCfg = Release|Any CPU
		{6ED6BA72-B858-4B15-A54F-CDD1EFD7E6CE}.Release|Any CPU.Build.0 = Release|Any CPU
		{74418692-0952-42CF-AB90-81A9A8DBEAB2}.Debug|Any CPU.ActiveCfg = Debug|Any CPU
		{74418692-0952-42CF-AB90-81A9A8DBEAB2}.Debug|Any CPU.Build.0 = Debug|Any CPU
		{74418692-0952-42CF-AB90-81A9A8DBEAB2}.Release|Any CPU.ActiveCfg = Release|Any CPU
		{74418692-0952-42CF-AB90-81A9A8DBEAB2}.Release|Any CPU.Build.0 = Release|Any CPU
		{EE00CE02-F1E6-4F7D-B43C-F6FADCE4C72B}.Debug|Any CPU.ActiveCfg = Debug|Any CPU
		{EE00CE02-F1E6-4F7D-B43C-F6FADCE4C72B}.Debug|Any CPU.Build.0 = Debug|Any CPU
		{EE00CE02-F1E6-4F7D-B43C-F6FADCE4C72B}.Release|Any CPU.ActiveCfg = Release|Any CPU
		{EE00CE02-F1E6-4F7D-B43C-F6FADCE4C72B}.Release|Any CPU.Build.0 = Release|Any CPU
		{6E8C45DA-D958-4C75-98C3-B54C883299A2}.Debug|Any CPU.ActiveCfg = Debug|Any CPU
		{6E8C45DA-D958-4C75-98C3-B54C883299A2}.Debug|Any CPU.Build.0 = Debug|Any CPU
		{6E8C45DA-D958-4C75-98C3-B54C883299A2}.Release|Any CPU.ActiveCfg = Release|Any CPU
		{6E8C45DA-D958-4C75-98C3-B54C883299A2}.Release|Any CPU.Build.0 = Release|Any CPU
		{7FD62B8B-365D-48D6-8C21-2EF215294F64}.Debug|Any CPU.ActiveCfg = Debug|Any CPU
		{7FD62B8B-365D-48D6-8C21-2EF215294F64}.Debug|Any CPU.Build.0 = Debug|Any CPU
		{7FD62B8B-365D-48D6-8C21-2EF215294F64}.Release|Any CPU.ActiveCfg = Release|Any CPU
		{7FD62B8B-365D-48D6-8C21-2EF215294F64}.Release|Any CPU.Build.0 = Release|Any CPU
		{1C62FEC4-65DD-482B-9987-7CA007F69C46}.Debug|Any CPU.ActiveCfg = Debug|Any CPU
		{1C62FEC4-65DD-482B-9987-7CA007F69C46}.Debug|Any CPU.Build.0 = Debug|Any CPU
		{1C62FEC4-65DD-482B-9987-7CA007F69C46}.Release|Any CPU.ActiveCfg = Release|Any CPU
		{1C62FEC4-65DD-482B-9987-7CA007F69C46}.Release|Any CPU.Build.0 = Release|Any CPU
	EndGlobalSection
	GlobalSection(SolutionProperties) = preSolution
		HideSolutionNode = FALSE
	EndGlobalSection
EndGlobal
